PODS:
  - AFNetworking/NSURLSession (3.2.1):
    - AFNetworking/Reachability
    - AFNetworking/Security
    - AFNetworking/Serialization
  - AFNetworking/Reachability (3.2.1)
  - AFNetworking/Security (3.2.1)
  - AFNetworking/Serialization (3.2.1)
  - DBModel/DBManager (0.1.17):
    - DBModel/DBModel
    - FMDB
    - ModuleCapability (~> 0.1)
  - DBModel/DBModel (0.1.17):
    - ModuleCapability (~> 0.1)
  - FMDB (2.7.2):
    - FMDB/standard (= 2.7.2)
  - FMDB/standard (2.7.2)
  - MJIM/Models (0.1.0):
    - DBModel/DBManager
    - MJIM/Socket
  - MJIM/Socket (0.1.0):
    - MJWebService
    - SocketRocket
  - MJWebService (0.1.26):
    - AFNetworking/NSURLSession (~> 3)
    - ModuleCapability (~> 0.1)
  - ModuleCapability (0.1.10)
  - SocketRocket (0.5.1)

DEPENDENCIES:
  - DBModel/DBManager
  - MJIM/Models (from `../`)
  - MJIM/Socket (from `../`)

SPEC REPOS:
  "git@git.musjoy.com:PodSpecs.git":
    - DBModel
    - MJWebService
    - ModuleCapability
  https://github.com/cocoapods/specs.git:
    - AFNetworking
    - FMDB
    - SocketRocket

EXTERNAL SOURCES:
  MJIM:
    :path: "../"

SPEC CHECKSUMS:
  AFNetworking: b6f891fdfaed196b46c7a83cf209e09697b94057
  DBModel: bdcd39da3fdf8f706992b78fdf7800204daa7290
  FMDB: 6198a90e7b6900cfc046e6bc0ef6ebb7be9236aa
  MJIM: f0376ab5d3f2b8a2b5017418bdc9577ca2476691
  MJWebService: 211d40d43d10a23cda9aeab86c42fcacbd5241aa
  ModuleCapability: 458b13fd20e195060b9f55451da78294e39da8f0
  SocketRocket: d57c7159b83c3c6655745cd15302aa24b6bae531

PODFILE CHECKSUM: 304b44e8d735c6877db10d5a1987ac220782efd4

COCOAPODS: 1.5.3
